
Microsoft Visual Studio Solution File, Format Version 12.00
# Visual Studio Version 16
VisualStudioVersion = 16.0.28711.60
MinimumVisualStudioVersion = 10.0.40219.1
Project("{FAE04EC0-301F-11D3-BF4B-00C04F79EFBC}") = "ShortcutManager", "ShortcutManager\ShortcutManager.csproj", "{1BECAB4E-3B96-47EC-B819-4BC488B341AD}"
EndProject
Global
	GlobalSection(SolutionConfigurationPlatforms) = preSolution
		Debug|Any CPU = Debug|Any CPU
		Release|Any CPU = Release|Any CPU
	EndGlobalSection
	GlobalSection(ProjectConfigurationPlatforms) = postSolution
		{1BECAB4E-3B96-47EC-B819-4BC488B341AD}.Debug|Any CPU.ActiveCfg = Debug|Any CPU
		{1BECAB4E-3B96-47EC-B819-4BC488B341AD}.Debug|Any CPU.Build.0 = Debug|Any CPU
		{1BECAB4E-3B96-47EC-B819-4BC488B341AD}.Release|Any CPU.ActiveCfg = Release|Any CPU
		{1BECAB4E-3B96-47EC-B819-4BC488B341AD}.Release|Any CPU.Build.0 = Release|Any CPU
	EndGlobalSection
	GlobalSection(SolutionProperties) = preSolution
		HideSolutionNode = FALSE
	EndGlobalSection
	GlobalSection(ExtensibilityGlobals) = postSolution
		SolutionGuid = {3D8B63D9-3E52-47B5-ADA2-F96B25FF7911}
	EndGlobalSection
EndGlobal
